
Microsoft Visual Studio Solution File, Format Version 12.00
# Visual Studio Version 16
VisualStudioVersion = 16.0.29519.181
MinimumVisualStudioVersion = 10.0.40219.1
Project("{FAE04EC0-301F-11D3-BF4B-00C04F79EFBC}") = "Пробуждение_во_Тьме", "Пробуждение_во_Тьме.csproj", "{055D67FB-DDEF-4DE8-8B59-40516A567C26}"
EndProject
Global
	GlobalSection(SolutionConfigurationPlatforms) = preSolution
		Debug|Any CPU = Debug|Any CPU
		Release|Any CPU = Release|Any CPU
	EndGlobalSection
	GlobalSection(ProjectConfigurationPlatforms) = postSolution
		{055D67FB-DDEF-4DE8-8B59-40516A567C26}.Debug|Any CPU.ActiveCfg = Debug|Any CPU
		{055D67FB-DDEF-4DE8-8B59-40516A567C26}.Debug|Any CPU.Build.0 = Debug|Any CPU
		{055D67FB-DDEF-4DE8-8B59-40516A567C26}.Release|Any CPU.ActiveCfg = Release|Any CPU
		{055D67FB-DDEF-4DE8-8B59-40516A567C26}.Release|Any CPU.Build.0 = Release|Any CPU
	EndGlobalSection
	GlobalSection(SolutionProperties) = preSolution
		HideSolutionNode = FALSE
	EndGlobalSection
	GlobalSection(ExtensibilityGlobals) = postSolution
		SolutionGuid = {47472913-F9A7-43FA-8330-D70CCCBDDDB0}
	EndGlobalSection
EndGlobal
